
Microsoft Visual Studio Solution File, Format Version 12.00
# Visual Studio Version 17
VisualStudioVersion = 17.8.34112.27
MinimumVisualStudioVersion = 10.0.40219.1
Project("{FAE04EC0-301F-11D3-BF4B-00C04F79EFBC}") = "TicketSeller", "TicketSeller\TicketSeller.csproj", "{DBADC566-0B93-4B58-BA4D-6DE0F22E9E0A}"
EndProject
Global
	GlobalSection(SolutionConfigurationPlatforms) = preSolution
		Debug|Any CPU = Debug|Any CPU
		Release|Any CPU = Release|Any CPU
	EndGlobalSection
	GlobalSection(ProjectConfigurationPlatforms) = postSolution
		{DBADC566-0B93-4B58-BA4D-6DE0F22E9E0A}.Debug|Any CPU.ActiveCfg = Debug|Any CPU
		{DBADC566-0B93-4B58-BA4D-6DE0F22E9E0A}.Debug|Any CPU.Build.0 = Debug|Any CPU
		{DBADC566-0B93-4B58-BA4D-6DE0F22E9E0A}.Debug|Any CPU.Deploy.0 = Debug|Any CPU
		{DBADC566-0B93-4B58-BA4D-6DE0F22E9E0A}.Release|Any CPU.ActiveCfg = Release|Any CPU
		{DBADC566-0B93-4B58-BA4D-6DE0F22E9E0A}.Release|Any CPU.Build.0 = Release|Any CPU
		{DBADC566-0B93-4B58-BA4D-6DE0F22E9E0A}.Release|Any CPU.Deploy.0 = Release|Any CPU
	EndGlobalSection
	GlobalSection(SolutionProperties) = preSolution
		HideSolutionNode = FALSE
	EndGlobalSection
	GlobalSection(ExtensibilityGlobals) = postSolution
		SolutionGuid = {3044B9A4-520B-4868-AE79-AD1600DD261B}
	EndGlobalSection
EndGlobal
