
Microsoft Visual Studio Solution File, Format Version 12.00
# Visual Studio Version 17
VisualStudioVersion = 17.8.34112.27
MinimumVisualStudioVersion = 10.0.40219.1
Project("{9A19103F-16F7-4668-BE54-9A1E7A4F7556}") = "Client", "TicketSeller\Client.csproj", "{DBADC566-0B93-4B58-BA4D-6DE0F22E9E0A}"
EndProject
Project("{9A19103F-16F7-4668-BE54-9A1E7A4F7556}") = "Server", "Server\Server.csproj", "{AA30F735-70BB-4E7C-A0B4-B3169C411E01}"
EndProject
Project("{9A19103F-16F7-4668-BE54-9A1E7A4F7556}") = "TicketSellerLib", "TicketSellerLib\TicketSellerLib.csproj", "{0D81A7A6-2B39-4D90-A8CE-6ED3AF63FF5D}"
EndProject
Project("{FAE04EC0-301F-11D3-BF4B-00C04F79EFBC}") = "TicketSeller.Test", "TicketSeller.Test\TicketSeller.Test.csproj", "{1AB8A4D6-1F47-4009-948C-08FB6A9759DA}"
EndProject
Global
	GlobalSection(SolutionConfigurationPlatforms) = preSolution
		Debug|Any CPU = Debug|Any CPU
		Release|Any CPU = Release|Any CPU
	EndGlobalSection
	GlobalSection(ProjectConfigurationPlatforms) = postSolution
		{DBADC566-0B93-4B58-BA4D-6DE0F22E9E0A}.Debug|Any CPU.ActiveCfg = Debug|Any CPU
		{DBADC566-0B93-4B58-BA4D-6DE0F22E9E0A}.Debug|Any CPU.Build.0 = Debug|Any CPU
		{DBADC566-0B93-4B58-BA4D-6DE0F22E9E0A}.Debug|Any CPU.Deploy.0 = Debug|Any CPU
		{DBADC566-0B93-4B58-BA4D-6DE0F22E9E0A}.Release|Any CPU.ActiveCfg = Release|Any CPU
		{DBADC566-0B93-4B58-BA4D-6DE0F22E9E0A}.Release|Any CPU.Build.0 = Release|Any CPU
		{DBADC566-0B93-4B58-BA4D-6DE0F22E9E0A}.Release|Any CPU.Deploy.0 = Release|Any CPU
		{AA30F735-70BB-4E7C-A0B4-B3169C411E01}.Debug|Any CPU.ActiveCfg = Debug|Any CPU
		{AA30F735-70BB-4E7C-A0B4-B3169C411E01}.Debug|Any CPU.Build.0 = Debug|Any CPU
		{AA30F735-70BB-4E7C-A0B4-B3169C411E01}.Release|Any CPU.ActiveCfg = Release|Any CPU
		{AA30F735-70BB-4E7C-A0B4-B3169C411E01}.Release|Any CPU.Build.0 = Release|Any CPU
		{0D81A7A6-2B39-4D90-A8CE-6ED3AF63FF5D}.Debug|Any CPU.ActiveCfg = Debug|Any CPU
		{0D81A7A6-2B39-4D90-A8CE-6ED3AF63FF5D}.Debug|Any CPU.Build.0 = Debug|Any CPU
		{0D81A7A6-2B39-4D90-A8CE-6ED3AF63FF5D}.Release|Any CPU.ActiveCfg = Release|Any CPU
		{0D81A7A6-2B39-4D90-A8CE-6ED3AF63FF5D}.Release|Any CPU.Build.0 = Release|Any CPU
		{1AB8A4D6-1F47-4009-948C-08FB6A9759DA}.Debug|Any CPU.ActiveCfg = Debug|Any CPU
		{1AB8A4D6-1F47-4009-948C-08FB6A9759DA}.Debug|Any CPU.Build.0 = Debug|Any CPU
		{1AB8A4D6-1F47-4009-948C-08FB6A9759DA}.Release|Any CPU.ActiveCfg = Release|Any CPU
		{1AB8A4D6-1F47-4009-948C-08FB6A9759DA}.Release|Any CPU.Build.0 = Release|Any CPU
	EndGlobalSection
	GlobalSection(SolutionProperties) = preSolution
		HideSolutionNode = FALSE
	EndGlobalSection
	GlobalSection(ExtensibilityGlobals) = postSolution
		SolutionGuid = {3044B9A4-520B-4868-AE79-AD1600DD261B}
	EndGlobalSection
EndGlobal
